
Microsoft Visual Studio Solution File, Format Version 12.00
# Visual Studio 15
VisualStudioVersion = 15.0.28010.2016
MinimumVisualStudioVersion = 10.0.40219.1
Project("{FAE04EC0-301F-11D3-BF4B-00C04F79EFBC}") = "Scenario 2-3", "Scenario 2-3\Scenario 2-3.csproj", "{3C9DC8B7-87BD-4881-9CB1-90581B38525B}"
EndProject
Global
	GlobalSection(SolutionConfigurationPlatforms) = preSolution
		Debug|Any CPU = Debug|Any CPU
		Release|Any CPU = Release|Any CPU
	EndGlobalSection
	GlobalSection(ProjectConfigurationPlatforms) = postSolution
		{3C9DC8B7-87BD-4881-9CB1-90581B38525B}.Debug|Any CPU.ActiveCfg = Debug|Any CPU
		{3C9DC8B7-87BD-4881-9CB1-90581B38525B}.Debug|Any CPU.Build.0 = Debug|Any CPU
		{3C9DC8B7-87BD-4881-9CB1-90581B38525B}.Release|Any CPU.ActiveCfg = Release|Any CPU
		{3C9DC8B7-87BD-4881-9CB1-90581B38525B}.Release|Any CPU.Build.0 = Release|Any CPU
	EndGlobalSection
	GlobalSection(SolutionProperties) = preSolution
		HideSolutionNode = FALSE
	EndGlobalSection
	GlobalSection(ExtensibilityGlobals) = postSolution
		SolutionGuid = {86AFB5B5-AF37-4128-8982-038F8B28867B}
	EndGlobalSection
EndGlobal
